// !$*UTF8*$!
{
	archiveVersion = 1;
	classes = {
	};
	objectVersion = 46;
	objects = {

/* Begin PBXBuildFile section */
		3CBC0DBAD77A47CAA97F5F65 /* libPods-GZv2ex.a in Frameworks */ = {isa = PBXBuildFile; fileRef = 0ECE4C8F5F9AAA1E7C803FFE /* libPods-GZv2ex.a */; };
		FD1077521D7AF7DC00A47FBF /* HTMLNode.m in Sources */ = {isa = PBXBuildFile; fileRef = FD10774F1D7AF7DC00A47FBF /* HTMLNode.m */; };
		FD1077531D7AF7DC00A47FBF /* HTMLParser.m in Sources */ = {isa = PBXBuildFile; fileRef = FD1077511D7AF7DC00A47FBF /* HTMLParser.m */; };
		FD1077571D7B2D3D00A47FBF /* libxml2.2.dylib in Frameworks */ = {isa = PBXBuildFile; fileRef = FD1077561D7B2D3D00A47FBF /* libxml2.2.dylib */; };
		FD10779A1D7EF01500A47FBF /* GZLeftMenuViewController.m in Sources */ = {isa = PBXBuildFile; fileRef = FD1077991D7EF01500A47FBF /* GZLeftMenuViewController.m */; };
		FDBD52711D77F290005AC5D1 /* main.m in Sources */ = {isa = PBXBuildFile; fileRef = FDBD52701D77F290005AC5D1 /* main.m */; };
		FDBD52741D77F290005AC5D1 /* AppDelegate.m in Sources */ = {isa = PBXBuildFile; fileRef = FDBD52731D77F290005AC5D1 /* AppDelegate.m */; };
		FDBD527C1D77F290005AC5D1 /* Assets.xcassets in Resources */ = {isa = PBXBuildFile; fileRef = FDBD527B1D77F290005AC5D1 /* Assets.xcassets */; };
		FDBD527F1D77F290005AC5D1 /* LaunchScreen.storyboard in Resources */ = {isa = PBXBuildFile; fileRef = FDBD527D1D77F290005AC5D1 /* LaunchScreen.storyboard */; };
		FDBD528A1D77F290005AC5D1 /* GZv2exTests.m in Sources */ = {isa = PBXBuildFile; fileRef = FDBD52891D77F290005AC5D1 /* GZv2exTests.m */; };
		FDBD52951D77F290005AC5D1 /* GZv2exUITests.m in Sources */ = {isa = PBXBuildFile; fileRef = FDBD52941D77F290005AC5D1 /* GZv2exUITests.m */; };
		FDBD52A81D77F5CA005AC5D1 /* Main.storyboard in Resources */ = {isa = PBXBuildFile; fileRef = FDBD52A71D77F5CA005AC5D1 /* Main.storyboard */; };
		FDBD52AB1D77F5FE005AC5D1 /* avatar_placeholder.png in Resources */ = {isa = PBXBuildFile; fileRef = FDBD52AA1D77F5FE005AC5D1 /* avatar_placeholder.png */; };
		FDBD52AE1D77F648005AC5D1 /* GZTopicListViewController.m in Sources */ = {isa = PBXBuildFile; fileRef = FDBD52AD1D77F648005AC5D1 /* GZTopicListViewController.m */; };
		FDBD52B11D77F695005AC5D1 /* GZDetailTopicViewController.m in Sources */ = {isa = PBXBuildFile; fileRef = FDBD52B01D77F695005AC5D1 /* GZDetailTopicViewController.m */; };
		FDBD52B41D77F72E005AC5D1 /* GZHelper.m in Sources */ = {isa = PBXBuildFile; fileRef = FDBD52B31D77F72E005AC5D1 /* GZHelper.m */; };
		FDBD52B81D77F79F005AC5D1 /* GZMemberModel.m in Sources */ = {isa = PBXBuildFile; fileRef = FDBD52B71D77F79F005AC5D1 /* GZMemberModel.m */; };
		FDBD52BB1D77F7D8005AC5D1 /* GZNodeModel.m in Sources */ = {isa = PBXBuildFile; fileRef = FDBD52BA1D77F7D8005AC5D1 /* GZNodeModel.m */; };
		FDBD52BE1D77F802005AC5D1 /* GZReplyModel.m in Sources */ = {isa = PBXBuildFile; fileRef = FDBD52BD1D77F802005AC5D1 /* GZReplyModel.m */; };
		FDBD52C11D77F82B005AC5D1 /* GZTopicModel.m in Sources */ = {isa = PBXBuildFile; fileRef = FDBD52C01D77F82B005AC5D1 /* GZTopicModel.m */; };
		FDBD52C41D77F874005AC5D1 /* GZTopicListCell.m in Sources */ = {isa = PBXBuildFile; fileRef = FDBD52C31D77F874005AC5D1 /* GZTopicListCell.m */; };
		FDBD52C71D77F8A9005AC5D1 /* GZReplyCell.m in Sources */ = {isa = PBXBuildFile; fileRef = FDBD52C61D77F8A9005AC5D1 /* GZReplyCell.m */; };
		FDBD52CA1D77F8DF005AC5D1 /* GZDataManager.m in Sources */ = {isa = PBXBuildFile; fileRef = FDBD52C91D77F8DF005AC5D1 /* GZDataManager.m */; };
		FDBD52D31D794B3A005AC5D1 /* NSDictionary+NotNullKey.m in Sources */ = {isa = PBXBuildFile; fileRef = FDBD52D21D794B3A005AC5D1 /* NSDictionary+NotNullKey.m */; };
		FDFD5FC21D8286D20012614E /* circle-left.png in Resources */ = {isa = PBXBuildFile; fileRef = FDFD5FC01D8286D20012614E /* circle-left.png */; };
		FDFD5FC31D8286D20012614E /* nav_menu_icon.png in Resources */ = {isa = PBXBuildFile; fileRef = FDFD5FC11D8286D20012614E /* nav_menu_icon.png */; };
		FDFD5FC61D8433250012614E /* GZDetailHeaderContentView.m in Sources */ = {isa = PBXBuildFile; fileRef = FDFD5FC51D8433250012614E /* GZDetailHeaderContentView.m */; };
/* End PBXBuildFile section */

/* Begin PBXContainerItemProxy section */
		FDBD52861D77F290005AC5D1 /* PBXContainerItemProxy */ = {
			isa = PBXContainerItemProxy;
			containerPortal = FDBD52641D77F290005AC5D1 /* Project object */;
			proxyType = 1;
			remoteGlobalIDString = FDBD526B1D77F290005AC5D1;
			remoteInfo = GZv2ex;
		};
		FDBD52911D77F290005AC5D1 /* PBXContainerItemProxy */ = {
			isa = PBXContainerItemProxy;
			containerPortal = FDBD52641D77F290005AC5D1 /* Project object */;
			proxyType = 1;
			remoteGlobalIDString = FDBD526B1D77F290005AC5D1;
			remoteInfo = GZv2ex;
		};
/* End PBXContainerItemProxy section */

/* Begin PBXFileReference section */
		0ECE4C8F5F9AAA1E7C803FFE /* libPods-GZv2ex.a */ = {isa = PBXFileReference; explicitFileType = archive.ar; includeInIndex = 0; path = "libPods-GZv2ex.a"; sourceTree = BUILT_PRODUCTS_DIR; };
		879AB877D5B6F571103B7A4B /* Pods-GZv2ex.release.xcconfig */ = {isa = PBXFileReference; includeInIndex = 1; lastKnownFileType = text.xcconfig; name = "Pods-GZv2ex.release.xcconfig"; path = "Pods/Target Support Files/Pods-GZv2ex/Pods-GZv2ex.release.xcconfig"; sourceTree = "<group>"; };
		E607A3EA5608A4BF7AEC2301 /* Pods-GZv2ex.debug.xcconfig */ = {isa = PBXFileReference; includeInIndex = 1; lastKnownFileType = text.xcconfig; name = "Pods-GZv2ex.debug.xcconfig"; path = "Pods/Target Support Files/Pods-GZv2ex/Pods-GZv2ex.debug.xcconfig"; sourceTree = "<group>"; };
		FD10774E1D7AF7DC00A47FBF /* HTMLNode.h */ = {isa = PBXFileReference; fileEncoding = 4; lastKnownFileType = sourcecode.c.h; path = HTMLNode.h; sourceTree = "<group>"; };
		FD10774F1D7AF7DC00A47FBF /* HTMLNode.m */ = {isa = PBXFileReference; fileEncoding = 4; lastKnownFileType = sourcecode.c.objc; path = HTMLNode.m; sourceTree = "<group>"; };
		FD1077501D7AF7DC00A47FBF /* HTMLParser.h */ = {isa = PBXFileReference; fileEncoding = 4; lastKnownFileType = sourcecode.c.h; path = HTMLParser.h; sourceTree = "<group>"; };
		FD1077511D7AF7DC00A47FBF /* HTMLParser.m */ = {isa = PBXFileReference; fileEncoding = 4; lastKnownFileType = sourcecode.c.objc; path = HTMLParser.m; sourceTree = "<group>"; };
		FD1077541D7B2A1100A47FBF /* libxml2.tbd */ = {isa = PBXFileReference; lastKnownFileType = "sourcecode.text-based-dylib-definition"; name = libxml2.tbd; path = usr/lib/libxml2.tbd; sourceTree = SDKROOT; };
		FD1077561D7B2D3D00A47FBF /* libxml2.2.dylib */ = {isa = PBXFileReference; lastKnownFileType = "compiled.mach-o.dylib"; name = libxml2.2.dylib; path = ../../../../../usr/lib/libxml2.2.dylib; sourceTree = "<group>"; };
		FD1077981D7EF01500A47FBF /* GZLeftMenuViewController.h */ = {isa = PBXFileReference; fileEncoding = 4; lastKnownFileType = sourcecode.c.h; name = GZLeftMenuViewController.h; path = Controllers/GZLeftMenuViewController.h; sourceTree = "<group>"; };
		FD1077991D7EF01500A47FBF /* GZLeftMenuViewController.m */ = {isa = PBXFileReference; fileEncoding = 4; lastKnownFileType = sourcecode.c.objc; name = GZLeftMenuViewController.m; path = Controllers/GZLeftMenuViewController.m; sourceTree = "<group>"; };
		FDBD526C1D77F290005AC5D1 /* GZv2ex.app */ = {isa = PBXFileReference; explicitFileType = wrapper.application; includeInIndex = 0; path = GZv2ex.app; sourceTree = BUILT_PRODUCTS_DIR; };
		FDBD52701D77F290005AC5D1 /* main.m */ = {isa = PBXFileReference; lastKnownFileType = sourcecode.c.objc; path = main.m; sourceTree = "<group>"; };
		FDBD52721D77F290005AC5D1 /* AppDelegate.h */ = {isa = PBXFileReference; lastKnownFileType = sourcecode.c.h; path = AppDelegate.h; sourceTree = "<group>"; };
		FDBD52731D77F290005AC5D1 /* AppDelegate.m */ = {isa = PBXFileReference; lastKnownFileType = sourcecode.c.objc; path = AppDelegate.m; sourceTree = "<group>"; };
		FDBD527B1D77F290005AC5D1 /* Assets.xcassets */ = {isa = PBXFileReference; lastKnownFileType = folder.assetcatalog; path = Assets.xcassets; sourceTree = "<group>"; };
		FDBD527E1D77F290005AC5D1 /* Base */ = {isa = PBXFileReference; lastKnownFileType = file.storyboard; name = Base; path = Base.lproj/LaunchScreen.storyboard; sourceTree = "<group>"; };
		FDBD52801D77F290005AC5D1 /* Info.plist */ = {isa = PBXFileReference; lastKnownFileType = text.plist.xml; path = Info.plist; sourceTree = "<group>"; };
		FDBD52851D77F290005AC5D1 /* GZv2exTests.xctest */ = {isa = PBXFileReference; explicitFileType = wrapper.cfbundle; includeInIndex = 0; path = GZv2exTests.xctest; sourceTree = BUILT_PRODUCTS_DIR; };
		FDBD52891D77F290005AC5D1 /* GZv2exTests.m */ = {isa = PBXFileReference; lastKnownFileType = sourcecode.c.objc; path = GZv2exTests.m; sourceTree = "<group>"; };
		FDBD528B1D77F290005AC5D1 /* Info.plist */ = {isa = PBXFileReference; lastKnownFileType = text.plist.xml; path = Info.plist; sourceTree = "<group>"; };
		FDBD52901D77F290005AC5D1 /* GZv2exUITests.xctest */ = {isa = PBXFileReference; explicitFileType = wrapper.cfbundle; includeInIndex = 0; path = GZv2exUITests.xctest; sourceTree = BUILT_PRODUCTS_DIR; };
		FDBD52941D77F290005AC5D1 /* GZv2exUITests.m */ = {isa = PBXFileReference; lastKnownFileType = sourcecode.c.objc; path = GZv2exUITests.m; sourceTree = "<group>"; };
		FDBD52961D77F290005AC5D1 /* Info.plist */ = {isa = PBXFileReference; lastKnownFileType = text.plist.xml; path = Info.plist; sourceTree = "<group>"; };
		FDBD52A71D77F5CA005AC5D1 /* Main.storyboard */ = {isa = PBXFileReference; fileEncoding = 4; lastKnownFileType = file.storyboard; path = Main.storyboard; sourceTree = "<group>"; };
		FDBD52AA1D77F5FE005AC5D1 /* avatar_placeholder.png */ = {isa = PBXFileReference; lastKnownFileType = image.png; path = avatar_placeholder.png; sourceTree = "<group>"; };
		FDBD52AC1D77F648005AC5D1 /* GZTopicListViewController.h */ = {isa = PBXFileReference; fileEncoding = 4; lastKnownFileType = sourcecode.c.h; name = GZTopicListViewController.h; path = Controllers/GZTopicListViewController.h; sourceTree = "<group>"; };
		FDBD52AD1D77F648005AC5D1 /* GZTopicListViewController.m */ = {isa = PBXFileReference; fileEncoding = 4; lastKnownFileType = sourcecode.c.objc; name = GZTopicListViewController.m; path = Controllers/GZTopicListViewController.m; sourceTree = "<group>"; };
		FDBD52AF1D77F695005AC5D1 /* GZDetailTopicViewController.h */ = {isa = PBXFileReference; fileEncoding = 4; lastKnownFileType = sourcecode.c.h; name = GZDetailTopicViewController.h; path = Controllers/GZDetailTopicViewController.h; sourceTree = "<group>"; };
		FDBD52B01D77F695005AC5D1 /* GZDetailTopicViewController.m */ = {isa = PBXFileReference; fileEncoding = 4; lastKnownFileType = sourcecode.c.objc; name = GZDetailTopicViewController.m; path = Controllers/GZDetailTopicViewController.m; sourceTree = "<group>"; };
		FDBD52B21D77F72E005AC5D1 /* GZHelper.h */ = {isa = PBXFileReference; fileEncoding = 4; lastKnownFileType = sourcecode.c.h; name = GZHelper.h; path = Helper/GZHelper.h; sourceTree = "<group>"; };
		FDBD52B31D77F72E005AC5D1 /* GZHelper.m */ = {isa = PBXFileReference; fileEncoding = 4; lastKnownFileType = sourcecode.c.objc; name = GZHelper.m; path = Helper/GZHelper.m; sourceTree = "<group>"; };
		FDBD52B61D77F79F005AC5D1 /* GZMemberModel.h */ = {isa = PBXFileReference; fileEncoding = 4; lastKnownFileType = sourcecode.c.h; name = GZMemberModel.h; path = Models/GZMemberModel.h; sourceTree = "<group>"; };
		FDBD52B71D77F79F005AC5D1 /* GZMemberModel.m */ = {isa = PBXFileReference; fileEncoding = 4; lastKnownFileType = sourcecode.c.objc; name = GZMemberModel.m; path = Models/GZMemberModel.m; sourceTree = "<group>"; };
		FDBD52B91D77F7D8005AC5D1 /* GZNodeModel.h */ = {isa = PBXFileReference; fileEncoding = 4; lastKnownFileType = sourcecode.c.h; name = GZNodeModel.h; path = Models/GZNodeModel.h; sourceTree = "<group>"; };
		FDBD52BA1D77F7D8005AC5D1 /* GZNodeModel.m */ = {isa = PBXFileReference; fileEncoding = 4; lastKnownFileType = sourcecode.c.objc; name = GZNodeModel.m; path = Models/GZNodeModel.m; sourceTree = "<group>"; };
		FDBD52BC1D77F802005AC5D1 /* GZReplyModel.h */ = {isa = PBXFileReference; fileEncoding = 4; lastKnownFileType = sourcecode.c.h; name = GZReplyModel.h; path = Models/GZReplyModel.h; sourceTree = "<group>"; };
		FDBD52BD1D77F802005AC5D1 /* GZReplyModel.m */ = {isa = PBXFileReference; fileEncoding = 4; lastKnownFileType = sourcecode.c.objc; name = GZReplyModel.m; path = Models/GZReplyModel.m; sourceTree = "<group>"; };
		FDBD52BF1D77F82B005AC5D1 /* GZTopicModel.h */ = {isa = PBXFileReference; fileEncoding = 4; lastKnownFileType = sourcecode.c.h; name = GZTopicModel.h; path = Models/GZTopicModel.h; sourceTree = "<group>"; };
		FDBD52C01D77F82B005AC5D1 /* GZTopicModel.m */ = {isa = PBXFileReference; fileEncoding = 4; lastKnownFileType = sourcecode.c.objc; name = GZTopicModel.m; path = Models/GZTopicModel.m; sourceTree = "<group>"; };
		FDBD52C21D77F874005AC5D1 /* GZTopicListCell.h */ = {isa = PBXFileReference; fileEncoding = 4; lastKnownFileType = sourcecode.c.h; name = GZTopicListCell.h; path = Views/GZTopicListCell.h; sourceTree = "<group>"; };
		FDBD52C31D77F874005AC5D1 /* GZTopicListCell.m */ = {isa = PBXFileReference; fileEncoding = 4; lastKnownFileType = sourcecode.c.objc; name = GZTopicListCell.m; path = Views/GZTopicListCell.m; sourceTree = "<group>"; };
		FDBD52C51D77F8A9005AC5D1 /* GZReplyCell.h */ = {isa = PBXFileReference; fileEncoding = 4; lastKnownFileType = sourcecode.c.h; name = GZReplyCell.h; path = Views/GZReplyCell.h; sourceTree = "<group>"; };
		FDBD52C61D77F8A9005AC5D1 /* GZReplyCell.m */ = {isa = PBXFileReference; fileEncoding = 4; lastKnownFileType = sourcecode.c.objc; name = GZReplyCell.m; path = Views/GZReplyCell.m; sourceTree = "<group>"; };
		FDBD52C81D77F8DF005AC5D1 /* GZDataManager.h */ = {isa = PBXFileReference; fileEncoding = 4; lastKnownFileType = sourcecode.c.h; name = GZDataManager.h; path = Managers/GZDataManager.h; sourceTree = "<group>"; };
		FDBD52C91D77F8DF005AC5D1 /* GZDataManager.m */ = {isa = PBXFileReference; fileEncoding = 4; lastKnownFileType = sourcecode.c.objc; name = GZDataManager.m; path = Managers/GZDataManager.m; sourceTree = "<group>"; };
		FDBD52CB1D77F999005AC5D1 /* GZv2ex-Prefix.pch */ = {isa = PBXFileReference; lastKnownFileType = sourcecode.c.h; path = "GZv2ex-Prefix.pch"; sourceTree = "<group>"; };
		FDBD52D11D794B3A005AC5D1 /* NSDictionary+NotNullKey.h */ = {isa = PBXFileReference; fileEncoding = 4; lastKnownFileType = sourcecode.c.h; name = "NSDictionary+NotNullKey.h"; path = "Additions/Categories/NSDictionary+NotNullKey.h"; sourceTree = "<group>"; };
		FDBD52D21D794B3A005AC5D1 /* NSDictionary+NotNullKey.m */ = {isa = PBXFileReference; fileEncoding = 4; lastKnownFileType = sourcecode.c.objc; name = "NSDictionary+NotNullKey.m"; path = "Additions/Categories/NSDictionary+NotNullKey.m"; sourceTree = "<group>"; };
		FDFD5FC01D8286D20012614E /* circle-left.png */ = {isa = PBXFileReference; lastKnownFileType = image.png; path = "circle-left.png"; sourceTree = "<group>"; };
		FDFD5FC11D8286D20012614E /* nav_menu_icon.png */ = {isa = PBXFileReference; lastKnownFileType = image.png; path = nav_menu_icon.png; sourceTree = "<group>"; };
		FDFD5FC41D8433250012614E /* GZDetailHeaderContentView.h */ = {isa = PBXFileReference; fileEncoding = 4; lastKnownFileType = sourcecode.c.h; name = GZDetailHeaderContentView.h; path = Views/GZDetailHeaderContentView.h; sourceTree = "<group>"; };
		FDFD5FC51D8433250012614E /* GZDetailHeaderContentView.m */ = {isa = PBXFileReference; fileEncoding = 4; lastKnownFileType = sourcecode.c.objc; name = GZDetailHeaderContentView.m; path = Views/GZDetailHeaderContentView.m; sourceTree = "<group>"; };
/* End PBXFileReference section */

/* Begin PBXFrameworksBuildPhase section */
		FDBD52691D77F290005AC5D1 /* Frameworks */ = {
			isa = PBXFrameworksBuildPhase;
			buildActionMask = 2147483647;
			files = (
				FD1077571D7B2D3D00A47FBF /* libxml2.2.dylib in Frameworks */,
				3CBC0DBAD77A47CAA97F5F65 /* libPods-GZv2ex.a in Frameworks */,
			);
			runOnlyForDeploymentPostprocessing = 0;
		};
		FDBD52821D77F290005AC5D1 /* Frameworks */ = {
			isa = PBXFrameworksBuildPhase;
			buildActionMask = 2147483647;
			files = (
			);
			runOnlyForDeploymentPostprocessing = 0;
		};
		FDBD528D1D77F290005AC5D1 /* Frameworks */ = {
			isa = PBXFrameworksBuildPhase;
			buildActionMask = 2147483647;
			files = (
			);
			runOnlyForDeploymentPostprocessing = 0;
		};
/* End PBXFrameworksBuildPhase section */

/* Begin PBXGroup section */
		3DB2A344BA094A1C18C2B92F /* Pods */ = {
			isa = PBXGroup;
			children = (
				E607A3EA5608A4BF7AEC2301 /* Pods-GZv2ex.debug.xcconfig */,
				879AB877D5B6F571103B7A4B /* Pods-GZv2ex.release.xcconfig */,
			);
			name = Pods;
			sourceTree = "<group>";
		};
		7D6CC35F8FFD5D9D1D0F5A39 /* Frameworks */ = {
			isa = PBXGroup;
			children = (
				FD1077561D7B2D3D00A47FBF /* libxml2.2.dylib */,
				FD1077541D7B2A1100A47FBF /* libxml2.tbd */,
				0ECE4C8F5F9AAA1E7C803FFE /* libPods-GZv2ex.a */,
			);
			name = Frameworks;
			sourceTree = "<group>";
		};
		FD10774D1D7AF7DC00A47FBF /* HTMLParser */ = {
			isa = PBXGroup;
			children = (
				FD10774E1D7AF7DC00A47FBF /* HTMLNode.h */,
				FD10774F1D7AF7DC00A47FBF /* HTMLNode.m */,
				FD1077501D7AF7DC00A47FBF /* HTMLParser.h */,
				FD1077511D7AF7DC00A47FBF /* HTMLParser.m */,
			);
			name = HTMLParser;
			path = Additions/HTMLParser;
			sourceTree = "<group>";
		};
		FD10779B1D7EFF3200A47FBF /* Cells */ = {
			isa = PBXGroup;
			children = (
				FDBD52C21D77F874005AC5D1 /* GZTopicListCell.h */,
				FDBD52C31D77F874005AC5D1 /* GZTopicListCell.m */,
				FDBD52C51D77F8A9005AC5D1 /* GZReplyCell.h */,
				FDBD52C61D77F8A9005AC5D1 /* GZReplyCell.m */,
			);
			name = Cells;
			sourceTree = "<group>";
		};
		FDBD52631D77F290005AC5D1 = {
			isa = PBXGroup;
			children = (
				FDBD526E1D77F290005AC5D1 /* GZv2ex */,
				FDBD52881D77F290005AC5D1 /* GZv2exTests */,
				FDBD52931D77F290005AC5D1 /* GZv2exUITests */,
				FDBD526D1D77F290005AC5D1 /* Products */,
				3DB2A344BA094A1C18C2B92F /* Pods */,
				7D6CC35F8FFD5D9D1D0F5A39 /* Frameworks */,
			);
			sourceTree = "<group>";
		};
		FDBD526D1D77F290005AC5D1 /* Products */ = {
			isa = PBXGroup;
			children = (
				FDBD526C1D77F290005AC5D1 /* GZv2ex.app */,
				FDBD52851D77F290005AC5D1 /* GZv2exTests.xctest */,
				FDBD52901D77F290005AC5D1 /* GZv2exUITests.xctest */,
			);
			name = Products;
			sourceTree = "<group>";
		};
		FDBD526E1D77F290005AC5D1 /* GZv2ex */ = {
			isa = PBXGroup;
			children = (
				FDBD52CC1D794AF4005AC5D1 /* Additions */,
				FDBD52A31D77F46D005AC5D1 /* Controllers */,
				FDBD52A51D77F483005AC5D1 /* Views */,
				FDBD52A41D77F479005AC5D1 /* Models */,
				FDBD52A61D77F48A005AC5D1 /* Managers */,
				FDBD52A21D77F465005AC5D1 /* Helper */,
				FDBD526F1D77F290005AC5D1 /* Supporting Files */,
			);
			path = GZv2ex;
			sourceTree = "<group>";
		};
		FDBD526F1D77F290005AC5D1 /* Supporting Files */ = {
			isa = PBXGroup;
			children = (
				FDBD52A91D77F5FE005AC5D1 /* Resources */,
				FDBD52721D77F290005AC5D1 /* AppDelegate.h */,
				FDBD52731D77F290005AC5D1 /* AppDelegate.m */,
				FDBD527B1D77F290005AC5D1 /* Assets.xcassets */,
				FDBD527D1D77F290005AC5D1 /* LaunchScreen.storyboard */,
				FDBD52A71D77F5CA005AC5D1 /* Main.storyboard */,
				FDBD52801D77F290005AC5D1 /* Info.plist */,
				FDBD52701D77F290005AC5D1 /* main.m */,
				FDBD52CB1D77F999005AC5D1 /* GZv2ex-Prefix.pch */,
			);
			name = "Supporting Files";
			sourceTree = "<group>";
		};
		FDBD52881D77F290005AC5D1 /* GZv2exTests */ = {
			isa = PBXGroup;
			children = (
				FDBD52891D77F290005AC5D1 /* GZv2exTests.m */,
				FDBD528B1D77F290005AC5D1 /* Info.plist */,
			);
			path = GZv2exTests;
			sourceTree = "<group>";
		};
		FDBD52931D77F290005AC5D1 /* GZv2exUITests */ = {
			isa = PBXGroup;
			children = (
				FDBD52941D77F290005AC5D1 /* GZv2exUITests.m */,
				FDBD52961D77F290005AC5D1 /* Info.plist */,
			);
			path = GZv2exUITests;
			sourceTree = "<group>";
		};
		FDBD52A21D77F465005AC5D1 /* Helper */ = {
			isa = PBXGroup;
			children = (
				FDBD52B21D77F72E005AC5D1 /* GZHelper.h */,
				FDBD52B31D77F72E005AC5D1 /* GZHelper.m */,
			);
			name = Helper;
			sourceTree = "<group>";
		};
		FDBD52A31D77F46D005AC5D1 /* Controllers */ = {
			isa = PBXGroup;
			children = (
				FDBD52AC1D77F648005AC5D1 /* GZTopicListViewController.h */,
				FDBD52AD1D77F648005AC5D1 /* GZTopicListViewController.m */,
				FDBD52AF1D77F695005AC5D1 /* GZDetailTopicViewController.h */,
				FDBD52B01D77F695005AC5D1 /* GZDetailTopicViewController.m */,
				FD1077981D7EF01500A47FBF /* GZLeftMenuViewController.h */,
				FD1077991D7EF01500A47FBF /* GZLeftMenuViewController.m */,
			);
			name = Controllers;
			sourceTree = "<group>";
		};
		FDBD52A41D77F479005AC5D1 /* Models */ = {
			isa = PBXGroup;
			children = (
				FDBD52B61D77F79F005AC5D1 /* GZMemberModel.h */,
				FDBD52B71D77F79F005AC5D1 /* GZMemberModel.m */,
				FDBD52B91D77F7D8005AC5D1 /* GZNodeModel.h */,
				FDBD52BA1D77F7D8005AC5D1 /* GZNodeModel.m */,
				FDBD52BC1D77F802005AC5D1 /* GZReplyModel.h */,
				FDBD52BD1D77F802005AC5D1 /* GZReplyModel.m */,
				FDBD52BF1D77F82B005AC5D1 /* GZTopicModel.h */,
				FDBD52C01D77F82B005AC5D1 /* GZTopicModel.m */,
			);
			name = Models;
			sourceTree = "<group>";
		};
		FDBD52A51D77F483005AC5D1 /* Views */ = {
			isa = PBXGroup;
			children = (
				FD10779B1D7EFF3200A47FBF /* Cells */,
				FDFD5FC41D8433250012614E /* GZDetailHeaderContentView.h */,
				FDFD5FC51D8433250012614E /* GZDetailHeaderContentView.m */,
			);
			name = Views;
			sourceTree = "<group>";
		};
		FDBD52A61D77F48A005AC5D1 /* Managers */ = {
			isa = PBXGroup;
			children = (
				FDBD52C81D77F8DF005AC5D1 /* GZDataManager.h */,
				FDBD52C91D77F8DF005AC5D1 /* GZDataManager.m */,
			);
			name = Managers;
			sourceTree = "<group>";
		};
		FDBD52A91D77F5FE005AC5D1 /* Resources */ = {
			isa = PBXGroup;
			children = (
				FDFD5FC01D8286D20012614E /* circle-left.png */,
				FDFD5FC11D8286D20012614E /* nav_menu_icon.png */,
				FDBD52AA1D77F5FE005AC5D1 /* avatar_placeholder.png */,
			);
			path = Resources;
			sourceTree = "<group>";
		};
		FDBD52CC1D794AF4005AC5D1 /* Additions */ = {
			isa = PBXGroup;
			children = (
				FD10774D1D7AF7DC00A47FBF /* HTMLParser */,
				FDBD52CD1D794AFF005AC5D1 /* Categories */,
			);
			name = Additions;
			sourceTree = "<group>";
		};
		FDBD52CD1D794AFF005AC5D1 /* Categories */ = {
			isa = PBXGroup;
			children = (
				FDBD52D11D794B3A005AC5D1 /* NSDictionary+NotNullKey.h */,
				FDBD52D21D794B3A005AC5D1 /* NSDictionary+NotNullKey.m */,
			);
			name = Categories;
			sourceTree = "<group>";
		};
/* End PBXGroup section */

/* Begin PBXNativeTarget section */
		FDBD526B1D77F290005AC5D1 /* GZv2ex */ = {
			isa = PBXNativeTarget;
			buildConfigurationList = FDBD52991D77F290005AC5D1 /* Build configuration list for PBXNativeTarget "GZv2ex" */;
			buildPhases = (
				0AFF7038AC4DB2525D9B7730 /* [CP] Check Pods Manifest.lock */,
				FDBD52681D77F290005AC5D1 /* Sources */,
				FDBD52691D77F290005AC5D1 /* Frameworks */,
				FDBD526A1D77F290005AC5D1 /* Resources */,
				B81D87E6D04D8A17470355AE /* [CP] Embed Pods Frameworks */,
				4AFE6B9E4D2D9E2AA771B7F4 /* [CP] Copy Pods Resources */,
			);
			buildRules = (
			);
			dependencies = (
			);
			name = GZv2ex;
			productName = GZv2ex;
			productReference = FDBD526C1D77F290005AC5D1 /* GZv2ex.app */;
			productType = "com.apple.product-type.application";
		};
		FDBD52841D77F290005AC5D1 /* GZv2exTests */ = {
			isa = PBXNativeTarget;
			buildConfigurationList = FDBD529C1D77F290005AC5D1 /* Build configuration list for PBXNativeTarget "GZv2exTests" */;
			buildPhases = (
				FDBD52811D77F290005AC5D1 /* Sources */,
				FDBD52821D77F290005AC5D1 /* Frameworks */,
				FDBD52831D77F290005AC5D1 /* Resources */,
			);
			buildRules = (
			);
			dependencies = (
				FDBD52871D77F290005AC5D1 /* PBXTargetDependency */,
			);
			name = GZv2exTests;
			productName = GZv2exTests;
			productReference = FDBD52851D77F290005AC5D1 /* GZv2exTests.xctest */;
			productType = "com.apple.product-type.bundle.unit-test";
		};
		FDBD528F1D77F290005AC5D1 /* GZv2exUITests */ = {
			isa = PBXNativeTarget;
			buildConfigurationList = FDBD529F1D77F290005AC5D1 /* Build configuration list for PBXNativeTarget "GZv2exUITests" */;
			buildPhases = (
				FDBD528C1D77F290005AC5D1 /* Sources */,
				FDBD528D1D77F290005AC5D1 /* Frameworks */,
				FDBD528E1D77F290005AC5D1 /* Resources */,
			);
			buildRules = (
			);
			dependencies = (
				FDBD52921D77F290005AC5D1 /* PBXTargetDependency */,
			);
			name = GZv2exUITests;
			productName = GZv2exUITests;
			productReference = FDBD52901D77F290005AC5D1 /* GZv2exUITests.xctest */;
			productType = "com.apple.product-type.bundle.ui-testing";
		};
/* End PBXNativeTarget section */

/* Begin PBXProject section */
		FDBD52641D77F290005AC5D1 /* Project object */ = {
			isa = PBXProject;
			attributes = {
				LastUpgradeCheck = 0730;
				ORGANIZATIONNAME = thanksdanny;
				TargetAttributes = {
					FDBD526B1D77F290005AC5D1 = {
						CreatedOnToolsVersion = 7.3.1;
					};
					FDBD52841D77F290005AC5D1 = {
						CreatedOnToolsVersion = 7.3.1;
						DevelopmentTeam = TX6G2DNPWK;
						TestTargetID = FDBD526B1D77F290005AC5D1;
					};
					FDBD528F1D77F290005AC5D1 = {
						CreatedOnToolsVersion = 7.3.1;
						DevelopmentTeam = TX6G2DNPWK;
						TestTargetID = FDBD526B1D77F290005AC5D1;
					};
				};
			};
			buildConfigurationList = FDBD52671D77F290005AC5D1 /* Build configuration list for PBXProject "GZv2ex" */;
			compatibilityVersion = "Xcode 3.2";
			developmentRegion = English;
			hasScannedForEncodings = 0;
			knownRegions = (
				en,
				Base,
			);
			mainGroup = FDBD52631D77F290005AC5D1;
			productRefGroup = FDBD526D1D77F290005AC5D1 /* Products */;
			projectDirPath = "";
			projectRoot = "";
			targets = (
				FDBD526B1D77F290005AC5D1 /* GZv2ex */,
				FDBD52841D77F290005AC5D1 /* GZv2exTests */,
				FDBD528F1D77F290005AC5D1 /* GZv2exUITests */,
			);
		};
/* End PBXProject section */

/* Begin PBXResourcesBuildPhase section */
		FDBD526A1D77F290005AC5D1 /* Resources */ = {
			isa = PBXResourcesBuildPhase;
			buildActionMask = 2147483647;
			files = (
				FDBD52A81D77F5CA005AC5D1 /* Main.storyboard in Resources */,
				FDFD5FC21D8286D20012614E /* circle-left.png in Resources */,
				FDBD527F1D77F290005AC5D1 /* LaunchScreen.storyboard in Resources */,
				FDBD52AB1D77F5FE005AC5D1 /* avatar_placeholder.png in Resources */,
				FDBD527C1D77F290005AC5D1 /* Assets.xcassets in Resources */,
				FDFD5FC31D8286D20012614E /* nav_menu_icon.png in Resources */,
			);
			runOnlyForDeploymentPostprocessing = 0;
		};
		FDBD52831D77F290005AC5D1 /* Resources */ = {
			isa = PBXResourcesBuildPhase;
			buildActionMask = 2147483647;
			files = (
			);
			runOnlyForDeploymentPostprocessing = 0;
		};
		FDBD528E1D77F290005AC5D1 /* Resources */ = {
			isa = PBXResourcesBuildPhase;
			buildActionMask = 2147483647;
			files = (
			);
			runOnlyForDeploymentPostprocessing = 0;
		};
/* End PBXResourcesBuildPhase section */

/* Begin PBXShellScriptBuildPhase section */
		0AFF7038AC4DB2525D9B7730 /* [CP] Check Pods Manifest.lock */ = {
			isa = PBXShellScriptBuildPhase;
			buildActionMask = 2147483647;
			files = (
			);
			inputPaths = (
			);
			name = "[CP] Check Pods Manifest.lock";
			outputPaths = (
			);
			runOnlyForDeploymentPostprocessing = 0;
			shellPath = /bin/sh;
			shellScript = "diff \"${PODS_ROOT}/../Podfile.lock\" \"${PODS_ROOT}/Manifest.lock\" > /dev/null\nif [[ $? != 0 ]] ; then\n    cat << EOM\nerror: The sandbox is not in sync with the Podfile.lock. Run 'pod install' or update your CocoaPods installation.\nEOM\n    exit 1\nfi\n";
			showEnvVarsInLog = 0;
		};
		4AFE6B9E4D2D9E2AA771B7F4 /* [CP] Copy Pods Resources */ = {
			isa = PBXShellScriptBuildPhase;
			buildActionMask = 2147483647;
			files = (
			);
			inputPaths = (
			);
			name = "[CP] Copy Pods Resources";
			outputPaths = (
			);
			runOnlyForDeploymentPostprocessing = 0;
			shellPath = /bin/sh;
			shellScript = "\"${SRCROOT}/Pods/Target Support Files/Pods-GZv2ex/Pods-GZv2ex-resources.sh\"\n";
			showEnvVarsInLog = 0;
		};
		B81D87E6D04D8A17470355AE /* [CP] Embed Pods Frameworks */ = {
			isa = PBXShellScriptBuildPhase;
			buildActionMask = 2147483647;
			files = (
			);
			inputPaths = (
			);
			name = "[CP] Embed Pods Frameworks";
			outputPaths = (
			);
			runOnlyForDeploymentPostprocessing = 0;
			shellPath = /bin/sh;
			shellScript = "\"${SRCROOT}/Pods/Target Support Files/Pods-GZv2ex/Pods-GZv2ex-frameworks.sh\"\n";
			showEnvVarsInLog = 0;
		};
/* End PBXShellScriptBuildPhase section */

/* Begin PBXSourcesBuildPhase section */
		FDBD52681D77F290005AC5D1 /* Sources */ = {
			isa = PBXSourcesBuildPhase;
			buildActionMask = 2147483647;
			files = (
				FD1077521D7AF7DC00A47FBF /* HTMLNode.m in Sources */,
				FDBD52B81D77F79F005AC5D1 /* GZMemberModel.m in Sources */,
				FDBD52741D77F290005AC5D1 /* AppDelegate.m in Sources */,
				FDBD52C11D77F82B005AC5D1 /* GZTopicModel.m in Sources */,
				FDFD5FC61D8433250012614E /* GZDetailHeaderContentView.m in Sources */,
				FD1077531D7AF7DC00A47FBF /* HTMLParser.m in Sources */,
				FD10779A1D7EF01500A47FBF /* GZLeftMenuViewController.m in Sources */,
				FDBD52C71D77F8A9005AC5D1 /* GZReplyCell.m in Sources */,
				FDBD52711D77F290005AC5D1 /* main.m in Sources */,
				FDBD52D31D794B3A005AC5D1 /* NSDictionary+NotNullKey.m in Sources */,
				FDBD52C41D77F874005AC5D1 /* GZTopicListCell.m in Sources */,
				FDBD52B11D77F695005AC5D1 /* GZDetailTopicViewController.m in Sources */,
				FDBD52B41D77F72E005AC5D1 /* GZHelper.m in Sources */,
				FDBD52CA1D77F8DF005AC5D1 /* GZDataManager.m in Sources */,
				FDBD52AE1D77F648005AC5D1 /* GZTopicListViewController.m in Sources */,
				FDBD52BB1D77F7D8005AC5D1 /* GZNodeModel.m in Sources */,
				FDBD52BE1D77F802005AC5D1 /* GZReplyModel.m in Sources */,
			);
			runOnlyForDeploymentPostprocessing = 0;
		};
		FDBD52811D77F290005AC5D1 /* Sources */ = {
			isa = PBXSourcesBuildPhase;
			buildActionMask = 2147483647;
			files = (
				FDBD528A1D77F290005AC5D1 /* GZv2exTests.m in Sources */,
			);
			runOnlyForDeploymentPostprocessing = 0;
		};
		FDBD528C1D77F290005AC5D1 /* Sources */ = {
			isa = PBXSourcesBuildPhase;
			buildActionMask = 2147483647;
			files = (
				FDBD52951D77F290005AC5D1 /* GZv2exUITests.m in Sources */,
			);
			runOnlyForDeploymentPostprocessing = 0;
		};
/* End PBXSourcesBuildPhase section */

/* Begin PBXTargetDependency section */
		FDBD52871D77F290005AC5D1 /* PBXTargetDependency */ = {
			isa = PBXTargetDependency;
			target = FDBD526B1D77F290005AC5D1 /* GZv2ex */;
			targetProxy = FDBD52861D77F290005AC5D1 /* PBXContainerItemProxy */;
		};
		FDBD52921D77F290005AC5D1 /* PBXTargetDependency */ = {
			isa = PBXTargetDependency;
			target = FDBD526B1D77F290005AC5D1 /* GZv2ex */;
			targetProxy = FDBD52911D77F290005AC5D1 /* PBXContainerItemProxy */;
		};
/* End PBXTargetDependency section */

/* Begin PBXVariantGroup section */
		FDBD527D1D77F290005AC5D1 /* LaunchScreen.storyboard */ = {
			isa = PBXVariantGroup;
			children = (
				FDBD527E1D77F290005AC5D1 /* Base */,
			);
			name = LaunchScreen.storyboard;
			sourceTree = "<group>";
		};
/* End PBXVariantGroup section */

/* Begin XCBuildConfiguration section */
		FDBD52971D77F290005AC5D1 /* Debug */ = {
			isa = XCBuildConfiguration;
			buildSettings = {
				ALWAYS_SEARCH_USER_PATHS = NO;
				CLANG_ANALYZER_NONNULL = YES;
				CLANG_CXX_LANGUAGE_STANDARD = "gnu++0x";
				CLANG_CXX_LIBRARY = "libc++";
				CLANG_ENABLE_MODULES = YES;
				CLANG_ENABLE_OBJC_ARC = YES;
				CLANG_WARN_BOOL_CONVERSION = YES;
				CLANG_WARN_CONSTANT_CONVERSION = YES;
				CLANG_WARN_DIRECT_OBJC_ISA_USAGE = YES_ERROR;
				CLANG_WARN_EMPTY_BODY = YES;
				CLANG_WARN_ENUM_CONVERSION = YES;
				CLANG_WARN_INT_CONVERSION = YES;
				CLANG_WARN_OBJC_ROOT_CLASS = YES_ERROR;
				CLANG_WARN_UNREACHABLE_CODE = YES;
				CLANG_WARN__DUPLICATE_METHOD_MATCH = YES;
				"CODE_SIGN_IDENTITY[sdk=iphoneos*]" = "iPhone Developer";
				COPY_PHASE_STRIP = NO;
				DEBUG_INFORMATION_FORMAT = dwarf;
				ENABLE_STRICT_OBJC_MSGSEND = YES;
				ENABLE_TESTABILITY = YES;
				GCC_C_LANGUAGE_STANDARD = gnu99;
				GCC_DYNAMIC_NO_PIC = NO;
				GCC_NO_COMMON_BLOCKS = YES;
				GCC_OPTIMIZATION_LEVEL = 0;
				GCC_PREPROCESSOR_DEFINITIONS = (
					"DEBUG=1",
					"$(inherited)",
				);
				GCC_WARN_64_TO_32_BIT_CONVERSION = YES;
				GCC_WARN_ABOUT_RETURN_TYPE = YES_ERROR;
				GCC_WARN_UNDECLARED_SELECTOR = YES;
				GCC_WARN_UNINITIALIZED_AUTOS = YES_AGGRESSIVE;
				GCC_WARN_UNUSED_FUNCTION = YES;
				GCC_WARN_UNUSED_VARIABLE = YES;
				IPHONEOS_DEPLOYMENT_TARGET = 9.3;
				MTL_ENABLE_DEBUG_INFO = YES;
				ONLY_ACTIVE_ARCH = YES;
				SDKROOT = iphoneos;
			};
			name = Debug;
		};
		FDBD52981D77F290005AC5D1 /* Release */ = {
			isa = XCBuildConfiguration;
			buildSettings = {
				ALWAYS_SEARCH_USER_PATHS = NO;
				CLANG_ANALYZER_NONNULL = YES;
				CLANG_CXX_LANGUAGE_STANDARD = "gnu++0x";
				CLANG_CXX_LIBRARY = "libc++";
				CLANG_ENABLE_MODULES = YES;
				CLANG_ENABLE_OBJC_ARC = YES;
				CLANG_WARN_BOOL_CONVERSION = YES;
				CLANG_WARN_CONSTANT_CONVERSION = YES;
				CLANG_WARN_DIRECT_OBJC_ISA_USAGE = YES_ERROR;
				CLANG_WARN_EMPTY_BODY = YES;
				CLANG_WARN_ENUM_CONVERSION = YES;
				CLANG_WARN_INT_CONVERSION = YES;
				CLANG_WARN_OBJC_ROOT_CLASS = YES_ERROR;
				CLANG_WARN_UNREACHABLE_CODE = YES;
				CLANG_WARN__DUPLICATE_METHOD_MATCH = YES;
				"CODE_SIGN_IDENTITY[sdk=iphoneos*]" = "iPhone Developer";
				COPY_PHASE_STRIP = NO;
				DEBUG_INFORMATION_FORMAT = "dwarf-with-dsym";
				ENABLE_NS_ASSERTIONS = NO;
				ENABLE_STRICT_OBJC_MSGSEND = YES;
				GCC_C_LANGUAGE_STANDARD = gnu99;
				GCC_NO_COMMON_BLOCKS = YES;
				GCC_WARN_64_TO_32_BIT_CONVERSION = YES;
				GCC_WARN_ABOUT_RETURN_TYPE = YES_ERROR;
				GCC_WARN_UNDECLARED_SELECTOR = YES;
				GCC_WARN_UNINITIALIZED_AUTOS = YES_AGGRESSIVE;
				GCC_WARN_UNUSED_FUNCTION = YES;
				GCC_WARN_UNUSED_VARIABLE = YES;
				IPHONEOS_DEPLOYMENT_TARGET = 9.3;
				MTL_ENABLE_DEBUG_INFO = NO;
				SDKROOT = iphoneos;
				VALIDATE_PRODUCT = YES;
			};
			name = Release;
		};
		FDBD529A1D77F290005AC5D1 /* Debug */ = {
			isa = XCBuildConfiguration;
			baseConfigurationReference = E607A3EA5608A4BF7AEC2301 /* Pods-GZv2ex.debug.xcconfig */;
			buildSettings = {
				ASSETCATALOG_COMPILER_APPICON_NAME = AppIcon;
				DEVELOPMENT_TEAM = "";
				GCC_INCREASE_PRECOMPILED_HEADER_SHARING = NO;
				GCC_PRECOMPILE_PREFIX_HEADER = YES;
				GCC_PREFIX_HEADER = "GZv2ex/GZv2ex-Prefix.pch";
				HEADER_SEARCH_PATHS = (
					"$(inherited)",
					"\"${PODS_ROOT}/Headers/Public\"",
					"\"${PODS_ROOT}/Headers/Public/AFNetworking\"",
					"\"${PODS_ROOT}/Headers/Public/MJRefresh\"",
					"\"${PODS_ROOT}/Headers/Public/MMDrawerController\"",
					"\"${PODS_ROOT}/Headers/Public/Mantle\"",
					"\"${PODS_ROOT}/Headers/Public/Masonry\"",
					"\"${PODS_ROOT}/Headers/Public/SDWebImage\"",
					"\"/usr/include/libxml2\"",
				);
				INFOPLIST_FILE = GZv2ex/Info.plist;
				LD_RUNPATH_SEARCH_PATHS = "$(inherited) @executable_path/Frameworks";
				OTHER_LDFLAGS = (
					"$(inherited)",
					"-ObjC",
					"-l\"AFNetworking\"",
					"-l\"MJRefresh\"",
					"-l\"MMDrawerController\"",
					"-l\"Mantle\"",
					"-l\"Masonry\"",
					"-l\"RegexKitLite\"",
					"-l\"SDWebImage\"",
					"-l\"icucore\"",
					"-framework",
					"\"CoreGraphics\"",
					"-framework",
					"\"Foundation\"",
					"-framework",
					"\"ImageIO\"",
					"-framework",
					"\"MobileCoreServices\"",
					"-framework",
					"\"QuartzCore\"",
					"-framework",
					"\"Security\"",
					"-framework",
					"\"SystemConfiguration\"",
					"-framework",
					"\"UIKit\"",
				);
				PRODUCT_BUNDLE_IDENTIFIER = com.thanksdanny.GZv2ex;
				PRODUCT_NAME = "$(TARGET_NAME)";
				USER_HEADER_SEARCH_PATHS = "";
			};
			name = Debug;
		};
		FDBD529B1D77F290005AC5D1 /* Release */ = {
			isa = XCBuildConfiguration;
			baseConfigurationReference = 879AB877D5B6F571103B7A4B /* Pods-GZv2ex.release.xcconfig */;
			buildSettings = {
				ASSETCATALOG_COMPILER_APPICON_NAME = AppIcon;
				DEVELOPMENT_TEAM = "";
				GCC_INCREASE_PRECOMPILED_HEADER_SHARING = NO;
				GCC_PRECOMPILE_PREFIX_HEADER = YES;
				GCC_PREFIX_HEADER = "GZv2ex/GZv2ex-Prefix.pch";
				HEADER_SEARCH_PATHS = (
					"$(inherited)",
					"\"${PODS_ROOT}/Headers/Public\"",
					"\"${PODS_ROOT}/Headers/Public/AFNetworking\"",
					"\"${PODS_ROOT}/Headers/Public/MJRefresh\"",
					"\"${PODS_ROOT}/Headers/Public/MMDrawerController\"",
					"\"${PODS_ROOT}/Headers/Public/Mantle\"",
					"\"${PODS_ROOT}/Headers/Public/Masonry\"",
					"\"${PODS_ROOT}/Headers/Public/SDWebImage\"",
					"\"/usr/include/libxml2\"",
				);
				INFOPLIST_FILE = GZv2ex/Info.plist;
				LD_RUNPATH_SEARCH_PATHS = "$(inherited) @executable_path/Frameworks";
				OTHER_LDFLAGS = (
					"$(inherited)",
					"-ObjC",
					"-l\"AFNetworking\"",
					"-l\"MJRefresh\"",
					"-l\"MMDrawerController\"",
					"-l\"Mantle\"",
					"-l\"Masonry\"",
					"-l\"RegexKitLite\"",
					"-l\"SDWebImage\"",
					"-l\"icucore\"",
					"-framework",
					"\"CoreGraphics\"",
					"-framework",
					"\"Foundation\"",
					"-framework",
					"\"ImageIO\"",
					"-framework",
					"\"MobileCoreServices\"",
					"-framework",
					"\"QuartzCore\"",
					"-framework",
					"\"Security\"",
					"-framework",
					"\"SystemConfiguration\"",
					"-framework",
					"\"UIKit\"",
				);
				PRODUCT_BUNDLE_IDENTIFIER = com.thanksdanny.GZv2ex;
				PRODUCT_NAME = "$(TARGET_NAME)";
				USER_HEADER_SEARCH_PATHS = "";
			};
			name = Release;
		};
		FDBD529D1D77F290005AC5D1 /* Debug */ = {
			isa = XCBuildConfiguration;
			buildSettings = {
				BUNDLE_LOADER = "$(TEST_HOST)";
				INFOPLIST_FILE = GZv2exTests/Info.plist;
				LD_RUNPATH_SEARCH_PATHS = "$(inherited) @executable_path/Frameworks @loader_path/Frameworks";
				PRODUCT_BUNDLE_IDENTIFIER = com.thanksdanny.GZv2exTests;
				PRODUCT_NAME = "$(TARGET_NAME)";
				TEST_HOST = "$(BUILT_PRODUCTS_DIR)/GZv2ex.app/GZv2ex";
			};
			name = Debug;
		};
		FDBD529E1D77F290005AC5D1 /* Release */ = {
			isa = XCBuildConfiguration;
			buildSettings = {
				BUNDLE_LOADER = "$(TEST_HOST)";
				INFOPLIST_FILE = GZv2exTests/Info.plist;
				LD_RUNPATH_SEARCH_PATHS = "$(inherited) @executable_path/Frameworks @loader_path/Frameworks";
				PRODUCT_BUNDLE_IDENTIFIER = com.thanksdanny.GZv2exTests;
				PRODUCT_NAME = "$(TARGET_NAME)";
				TEST_HOST = "$(BUILT_PRODUCTS_DIR)/GZv2ex.app/GZv2ex";
			};
			name = Release;
		};
		FDBD52A01D77F290005AC5D1 /* Debug */ = {
			isa = XCBuildConfiguration;
			buildSettings = {
				INFOPLIST_FILE = GZv2exUITests/Info.plist;
				LD_RUNPATH_SEARCH_PATHS = "$(inherited) @executable_path/Frameworks @loader_path/Frameworks";
				PRODUCT_BUNDLE_IDENTIFIER = com.thanksdanny.GZv2exUITests;
				PRODUCT_NAME = "$(TARGET_NAME)";
				TEST_TARGET_NAME = GZv2ex;
			};
			name = Debug;
		};
		FDBD52A11D77F290005AC5D1 /* Release */ = {
			isa = XCBuildConfiguration;
			buildSettings = {
				INFOPLIST_FILE = GZv2exUITests/Info.plist;
				LD_RUNPATH_SEARCH_PATHS = "$(inherited) @executable_path/Frameworks @loader_path/Frameworks";
				PRODUCT_BUNDLE_IDENTIFIER = com.thanksdanny.GZv2exUITests;
				PRODUCT_NAME = "$(TARGET_NAME)";
				TEST_TARGET_NAME = GZv2ex;
			};
			name = Release;
		};
/* End XCBuildConfiguration section */

/* Begin XCConfigurationList section */
		FDBD52671D77F290005AC5D1 /* Build configuration list for PBXProject "GZv2ex" */ = {
			isa = XCConfigurationList;
			buildConfigurations = (
				FDBD52971D77F290005AC5D1 /* Debug */,
				FDBD52981D77F290005AC5D1 /* Release */,
			);
			defaultConfigurationIsVisible = 0;
			defaultConfigurationName = Release;
		};
		FDBD52991D77F290005AC5D1 /* Build configuration list for PBXNativeTarget "GZv2ex" */ = {
			isa = XCConfigurationList;
			buildConfigurations = (
				FDBD529A1D77F290005AC5D1 /* Debug */,
				FDBD529B1D77F290005AC5D1 /* Release */,
			);
			defaultConfigurationIsVisible = 0;
			defaultConfigurationName = Release;
		};
		FDBD529C1D77F290005AC5D1 /* Build configuration list for PBXNativeTarget "GZv2exTests" */ = {
			isa = XCConfigurationList;
			buildConfigurations = (
				FDBD529D1D77F290005AC5D1 /* Debug */,
				FDBD529E1D77F290005AC5D1 /* Release */,
			);
			defaultConfigurationIsVisible = 0;
			defaultConfigurationName = Release;
		};
		FDBD529F1D77F290005AC5D1 /* Build configuration list for PBXNativeTarget "GZv2exUITests" */ = {
			isa = XCConfigurationList;
			buildConfigurations = (
				FDBD52A01D77F290005AC5D1 /* Debug */,
				FDBD52A11D77F290005AC5D1 /* Release */,
			);
			defaultConfigurationIsVisible = 0;
			defaultConfigurationName = Release;
		};
/* End XCConfigurationList section */
	};
	rootObject = FDBD52641D77F290005AC5D1 /* Project object */;
}
